
Microsoft Visual Studio Solution File, Format Version 12.00
# Visual Studio Version 16
VisualStudioVersion = 16.0.28803.202
MinimumVisualStudioVersion = 10.0.40219.1
Project("{FAE04EC0-301F-11D3-BF4B-00C04F79EFBC}") = "TranslateApp.Common", "TranslateApp.Common\TranslateApp.Common.csproj", "{179E4700-7307-4341-A625-C1483ADAB652}"
EndProject
Project("{FAE04EC0-301F-11D3-BF4B-00C04F79EFBC}") = "TranslateApp.Data", "TranslateApp.Data\TranslateApp.Data.csproj", "{7C2142EB-F00D-45C4-A35E-761BC1350B6F}"
EndProject
Project("{FAE04EC0-301F-11D3-BF4B-00C04F79EFBC}") = "TranslateApp.Logic", "TranslateApp.Logic\TranslateApp.Logic.csproj", "{2F453089-A8E8-4FA4-B293-2F84DC45FAA0}"
EndProject
Project("{FAE04EC0-301F-11D3-BF4B-00C04F79EFBC}") = "TranslateApp.WebApp", "TranslateApp.WebApp\TranslateApp.WebApp.csproj", "{7756DCBC-D72D-4BAE-80FE-C4E4FD19A6C2}"
EndProject
Global
	GlobalSection(SolutionConfigurationPlatforms) = preSolution
		Debug|Any CPU = Debug|Any CPU
		Release|Any CPU = Release|Any CPU
	EndGlobalSection
	GlobalSection(ProjectConfigurationPlatforms) = postSolution
		{179E4700-7307-4341-A625-C1483ADAB652}.Debug|Any CPU.ActiveCfg = Debug|Any CPU
		{179E4700-7307-4341-A625-C1483ADAB652}.Debug|Any CPU.Build.0 = Debug|Any CPU
		{179E4700-7307-4341-A625-C1483ADAB652}.Release|Any CPU.ActiveCfg = Release|Any CPU
		{179E4700-7307-4341-A625-C1483ADAB652}.Release|Any CPU.Build.0 = Release|Any CPU
		{7C2142EB-F00D-45C4-A35E-761BC1350B6F}.Debug|Any CPU.ActiveCfg = Debug|Any CPU
		{7C2142EB-F00D-45C4-A35E-761BC1350B6F}.Debug|Any CPU.Build.0 = Debug|Any CPU
		{7C2142EB-F00D-45C4-A35E-761BC1350B6F}.Release|Any CPU.ActiveCfg = Release|Any CPU
		{7C2142EB-F00D-45C4-A35E-761BC1350B6F}.Release|Any CPU.Build.0 = Release|Any CPU
		{2F453089-A8E8-4FA4-B293-2F84DC45FAA0}.Debug|Any CPU.ActiveCfg = Debug|Any CPU
		{2F453089-A8E8-4FA4-B293-2F84DC45FAA0}.Debug|Any CPU.Build.0 = Debug|Any CPU
		{2F453089-A8E8-4FA4-B293-2F84DC45FAA0}.Release|Any CPU.ActiveCfg = Release|Any CPU
		{2F453089-A8E8-4FA4-B293-2F84DC45FAA0}.Release|Any CPU.Build.0 = Release|Any CPU
		{7756DCBC-D72D-4BAE-80FE-C4E4FD19A6C2}.Debug|Any CPU.ActiveCfg = Debug|Any CPU
		{7756DCBC-D72D-4BAE-80FE-C4E4FD19A6C2}.Debug|Any CPU.Build.0 = Debug|Any CPU
		{7756DCBC-D72D-4BAE-80FE-C4E4FD19A6C2}.Release|Any CPU.ActiveCfg = Release|Any CPU
		{7756DCBC-D72D-4BAE-80FE-C4E4FD19A6C2}.Release|Any CPU.Build.0 = Release|Any CPU
	EndGlobalSection
	GlobalSection(SolutionProperties) = preSolution
		HideSolutionNode = FALSE
	EndGlobalSection
	GlobalSection(ExtensibilityGlobals) = postSolution
		SolutionGuid = {6B4BCCBB-DAB0-4EEF-9421-13CED9650948}
	EndGlobalSection
EndGlobal
